
Microsoft Visual Studio Solution File, Format Version 12.00
# Visual Studio Version 16
VisualStudioVersion = 16.0.31624.102
MinimumVisualStudioVersion = 10.0.40219.1
Project("{FAE04EC0-301F-11D3-BF4B-00C04F79EFBC}") = "Session3.1", "Session3.1\Session3.1.csproj", "{5BB2CD4B-6108-44E0-B968-3104316CE8AA}"
EndProject
Global
	GlobalSection(SolutionConfigurationPlatforms) = preSolution
		Debug|Any CPU = Debug|Any CPU
		Release|Any CPU = Release|Any CPU
	EndGlobalSection
	GlobalSection(ProjectConfigurationPlatforms) = postSolution
		{5BB2CD4B-6108-44E0-B968-3104316CE8AA}.Debug|Any CPU.ActiveCfg = Debug|Any CPU
		{5BB2CD4B-6108-44E0-B968-3104316CE8AA}.Debug|Any CPU.Build.0 = Debug|Any CPU
		{5BB2CD4B-6108-44E0-B968-3104316CE8AA}.Release|Any CPU.ActiveCfg = Release|Any CPU
		{5BB2CD4B-6108-44E0-B968-3104316CE8AA}.Release|Any CPU.Build.0 = Release|Any CPU
	EndGlobalSection
	GlobalSection(SolutionProperties) = preSolution
		HideSolutionNode = FALSE
	EndGlobalSection
	GlobalSection(ExtensibilityGlobals) = postSolution
		SolutionGuid = {7E519240-EACE-4078-AF7C-56EC8EE0EE1D}
	EndGlobalSection
EndGlobal
